
Microsoft Visual Studio Solution File, Format Version 12.00
# Visual Studio Version 17
VisualStudioVersion = 17.14.36518.9 d17.14
MinimumVisualStudioVersion = 10.0.40219.1
Project("{FAE04EC0-301F-11D3-BF4B-00C04F79EFBC}") = "ApiRestAxiosProductivity", "ApiRestAxiosProductivity\ApiRestAxiosProductivity.csproj", "{B10209D3-453E-460A-A56A-8CC5141EF77A}"
EndProject
Project("{FAE04EC0-301F-11D3-BF4B-00C04F79EFBC}") = "ApiRestAxiosProductivity.Application", "ApiRestAxiosProductivity.Application\ApiRestAxiosProductivity.Application.csproj", "{74304548-FF29-47C6-881F-43240B72234F}"
EndProject
Project("{FAE04EC0-301F-11D3-BF4B-00C04F79EFBC}") = "ApiRestAxiosProductivity.Entities", "ApiRestAxiosProductivity.Entities\ApiRestAxiosProductivity.Entities.csproj", "{28265421-B9A8-49ED-BBBB-763B1E7D224C}"
EndProject
Project("{FAE04EC0-301F-11D3-BF4B-00C04F79EFBC}") = "ApiRestAxiosProductivity.Services", "ApiRestAxiosProductivity.Services\ApiRestAxiosProductivity.Services.csproj", "{FAA62843-3E9D-4254-AF73-C05035365874}"
EndProject
Project("{FAE04EC0-301F-11D3-BF4B-00C04F79EFBC}") = "ApiRestAxiosProductivity.DataAccess", "ApiRestAxiosProductivity.DataAccess\ApiRestAxiosProductivity.DataAccess.csproj", "{70724787-AA0A-49F7-AB34-24DA751C6AEB}"
EndProject
Project("{FAE04EC0-301F-11D3-BF4B-00C04F79EFBC}") = "ApiRestAxiosProductivity.Repository", "..\ApiRestAxiosProductivity.Repository\ApiRestAxiosProductivity.Repository.csproj", "{BDDD52A8-513D-406F-AF2C-AE1C165B58EA}"
EndProject
Global
	GlobalSection(SolutionConfigurationPlatforms) = preSolution
		Debug|Any CPU = Debug|Any CPU
		Release|Any CPU = Release|Any CPU
	EndGlobalSection
	GlobalSection(ProjectConfigurationPlatforms) = postSolution
		{B10209D3-453E-460A-A56A-8CC5141EF77A}.Debug|Any CPU.ActiveCfg = Debug|Any CPU
		{B10209D3-453E-460A-A56A-8CC5141EF77A}.Debug|Any CPU.Build.0 = Debug|Any CPU
		{B10209D3-453E-460A-A56A-8CC5141EF77A}.Release|Any CPU.ActiveCfg = Release|Any CPU
		{B10209D3-453E-460A-A56A-8CC5141EF77A}.Release|Any CPU.Build.0 = Release|Any CPU
		{74304548-FF29-47C6-881F-43240B72234F}.Debug|Any CPU.ActiveCfg = Debug|Any CPU
		{74304548-FF29-47C6-881F-43240B72234F}.Debug|Any CPU.Build.0 = Debug|Any CPU
		{74304548-FF29-47C6-881F-43240B72234F}.Release|Any CPU.ActiveCfg = Release|Any CPU
		{74304548-FF29-47C6-881F-43240B72234F}.Release|Any CPU.Build.0 = Release|Any CPU
		{28265421-B9A8-49ED-BBBB-763B1E7D224C}.Debug|Any CPU.ActiveCfg = Debug|Any CPU
		{28265421-B9A8-49ED-BBBB-763B1E7D224C}.Debug|Any CPU.Build.0 = Debug|Any CPU
		{28265421-B9A8-49ED-BBBB-763B1E7D224C}.Release|Any CPU.ActiveCfg = Release|Any CPU
		{28265421-B9A8-49ED-BBBB-763B1E7D224C}.Release|Any CPU.Build.0 = Release|Any CPU
		{FAA62843-3E9D-4254-AF73-C05035365874}.Debug|Any CPU.ActiveCfg = Debug|Any CPU
		{FAA62843-3E9D-4254-AF73-C05035365874}.Debug|Any CPU.Build.0 = Debug|Any CPU
		{FAA62843-3E9D-4254-AF73-C05035365874}.Release|Any CPU.ActiveCfg = Release|Any CPU
		{FAA62843-3E9D-4254-AF73-C05035365874}.Release|Any CPU.Build.0 = Release|Any CPU
		{70724787-AA0A-49F7-AB34-24DA751C6AEB}.Debug|Any CPU.ActiveCfg = Debug|Any CPU
		{70724787-AA0A-49F7-AB34-24DA751C6AEB}.Debug|Any CPU.Build.0 = Debug|Any CPU
		{70724787-AA0A-49F7-AB34-24DA751C6AEB}.Release|Any CPU.ActiveCfg = Release|Any CPU
		{70724787-AA0A-49F7-AB34-24DA751C6AEB}.Release|Any CPU.Build.0 = Release|Any CPU
		{BDDD52A8-513D-406F-AF2C-AE1C165B58EA}.Debug|Any CPU.ActiveCfg = Debug|Any CPU
		{BDDD52A8-513D-406F-AF2C-AE1C165B58EA}.Debug|Any CPU.Build.0 = Debug|Any CPU
		{BDDD52A8-513D-406F-AF2C-AE1C165B58EA}.Release|Any CPU.ActiveCfg = Release|Any CPU
		{BDDD52A8-513D-406F-AF2C-AE1C165B58EA}.Release|Any CPU.Build.0 = Release|Any CPU
	EndGlobalSection
	GlobalSection(SolutionProperties) = preSolution
		HideSolutionNode = FALSE
	EndGlobalSection
	GlobalSection(ExtensibilityGlobals) = postSolution
		SolutionGuid = {A7919C1D-9C72-446A-8422-7D197C07E6BE}
	EndGlobalSection
EndGlobal
